<?xml version="1.0" encoding="utf-8"?>
<Project ToolsVersion="4.0" xmlns="http://schemas.microsoft.com/developer/msbuild/2003">
  <ItemGroup>
    <Filter Include="Source Files">
      <UniqueIdentifier>{f567b7cc-1b32-48d8-95ad-b0880afa399c}</UniqueIdentifier>
    </Filter>
    <Filter Include="Header Files">
      <UniqueIdentifier>{42f02b08-0926-4242-9dc4-563f2acda3fc}</UniqueIdentifier>
    </Filter>
    <Filter Include="Resources">
      <UniqueIdentifier>{29c6ca21-f46b-4d79-9e72-c0694c0d188d}</UniqueIdentifier>
    </Filter>
  </ItemGroup>
  <ItemGroup>
    <ClCompile Include="DemoKeeper.cpp">
      <Filter>Source Files</Filter>
    </ClCompile>
    <ClCompile Include="FontPanel.cpp">
      <Filter>Source Files</Filter>
    </ClCompile>
    <ClCompile Include="FontView.cpp">
      <Filter>Source Files</Filter>
    </ClCompile>
    <ClCompile Include="TextureView.cpp">
      <Filter>Source Files</Filter>
    </ClCompile>
  </ItemGroup>
  <ItemGroup>
    <ClInclude Include="DemoKeeper.h">
      <Filter>Header Files</Filter>
    </ClInclude>
    <ClInclude Include="FontPanel.h">
      <Filter>Header Files</Filter>
    </ClInclude>
    <ClInclude Include="FontView.h">
      <Filter>Header Files</Filter>
    </ClInclude>
    <ClInclude Include="TextureView.h">
      <Filter>Header Files</Filter>
    </ClInclude>
  </ItemGroup>
  <ItemGroup>
    <ResourceCompile Include="..\..\Common\Base\BaseResource.rc">
      <Filter>Resources</Filter>
    </ResourceCompile>
  </ItemGroup>
</Project>